
Microsoft Visual Studio Solution File, Format Version 12.00
# Visual Studio Version 16
VisualStudioVersion = 16.0.30907.101
MinimumVisualStudioVersion = 10.0.40219.1
Project("{FAE04EC0-301F-11D3-BF4B-00C04F79EFBC}") = "Lab 3", "Lab 3\Lab 3.csproj", "{F9C0D0C3-044C-48DD-92B2-714F5D847071}"
EndProject
Global
	GlobalSection(SolutionConfigurationPlatforms) = preSolution
		Debug|Any CPU = Debug|Any CPU
		Release|Any CPU = Release|Any CPU
	EndGlobalSection
	GlobalSection(ProjectConfigurationPlatforms) = postSolution
		{F9C0D0C3-044C-48DD-92B2-714F5D847071}.Debug|Any CPU.ActiveCfg = Debug|Any CPU
		{F9C0D0C3-044C-48DD-92B2-714F5D847071}.Debug|Any CPU.Build.0 = Debug|Any CPU
		{F9C0D0C3-044C-48DD-92B2-714F5D847071}.Release|Any CPU.ActiveCfg = Release|Any CPU
		{F9C0D0C3-044C-48DD-92B2-714F5D847071}.Release|Any CPU.Build.0 = Release|Any CPU
	EndGlobalSection
	GlobalSection(SolutionProperties) = preSolution
		HideSolutionNode = FALSE
	EndGlobalSection
	GlobalSection(ExtensibilityGlobals) = postSolution
		SolutionGuid = {86E2FC88-A28B-4CA2-B60C-9CE59212A59A}
	EndGlobalSection
EndGlobal
